
Microsoft Visual Studio Solution File, Format Version 12.00
# Visual Studio 2012
VisualStudioVersion = 12.0.30501.0
MinimumVisualStudioVersion = 10.0.40219.1
Project("{2150E333-8FDC-42A3-9474-1A3956D46DE8}") = "ParaOffice", "ParaOffice", "{236216D6-CE54-422E-9E75-BE4B7D36ABDB}"
EndProject
Project("{FAE04EC0-301F-11D3-BF4B-00C04F79EFBC}") = "Trigger.App.OSX.ParaOffice", "..\Trigger.App.OSX.ParaOffice\Trigger.App.OSX.ParaOffice.csproj", "{40553874-81AC-44A8-8260-B0F123A47A05}"
EndProject
Project("{FAE04EC0-301F-11D3-BF4B-00C04F79EFBC}") = "Trigger.App.ParaOffice", "..\Trigger.App.ParaOffice\Trigger.App.ParaOffice.csproj", "{A1C293B3-EC0A-449A-8994-C0245992EB00}"
EndProject
Project("{FAE04EC0-301F-11D3-BF4B-00C04F79EFBC}") = "Trigger.BCL.ParaOffice", "..\Trigger.BCL.ParaOffice\Trigger.BCL.ParaOffice.csproj", "{387D39A4-3EB2-43EF-84BA-1ED12727D148}"
EndProject
Project("{FAE04EC0-301F-11D3-BF4B-00C04F79EFBC}") = "Trigger.App.iOS.ParaOffice", "..\Trigger.App.iOS.ParaOffice\Trigger.App.iOS.ParaOffice.csproj", "{D949B7B2-164C-4B98-A2FF-13D9FB2D53E4}"
EndProject
Project("{2150E333-8FDC-42A3-9474-1A3956D46DE8}") = "EventTracker", "EventTracker", "{2D2F8CBA-6852-40E9-AB03-482AF5701D69}"
EndProject
Project("{FAE04EC0-301F-11D3-BF4B-00C04F79EFBC}") = "Trigger.App.EventTracker", "..\Trigger.App.EventTracker\Trigger.App.EventTracker.csproj", "{E522C014-2E66-498B-892A-487C68762ABE}"
EndProject
Project("{FAE04EC0-301F-11D3-BF4B-00C04F79EFBC}") = "Trigger.App.OSX.EventTracker", "..\Trigger.App.OSX.EventTracker\Trigger.App.OSX.EventTracker.csproj", "{107E09A5-92CB-4289-88A3-0902E7F6F6C2}"
EndProject
Project("{FAE04EC0-301F-11D3-BF4B-00C04F79EFBC}") = "Trigger.BCL.EventTracker", "..\Trigger.BCL.EventTracker\Trigger.BCL.EventTracker.csproj", "{7525B10F-A5C1-4438-ABE2-376B8FBAF991}"
EndProject
Project("{FAE04EC0-301F-11D3-BF4B-00C04F79EFBC}") = "Trigger.App.iOS.EventTracker", "..\Trigger.App.iOS.EventTracker\Trigger.App.iOS.EventTracker.csproj", "{83F5986D-DAD0-40E5-B9E7-37785CBD00B1}"
EndProject
Project("{FAE04EC0-301F-11D3-BF4B-00C04F79EFBC}") = "XForms", "XForms\XForms.csproj", "{82257C12-D253-46CC-821B-44CFBE26B115}"
EndProject
Global
	GlobalSection(SolutionConfigurationPlatforms) = preSolution
		Ad-Hoc|Any CPU = Ad-Hoc|Any CPU
		Ad-Hoc|iPhone = Ad-Hoc|iPhone
		Ad-Hoc|iPhoneSimulator = Ad-Hoc|iPhoneSimulator
		Ad-Hoc|x86 = Ad-Hoc|x86
		AppStore|Any CPU = AppStore|Any CPU
		AppStore|iPhone = AppStore|iPhone
		AppStore|iPhoneSimulator = AppStore|iPhoneSimulator
		AppStore|x86 = AppStore|x86
		CrossPlatform|Any CPU = CrossPlatform|Any CPU
		CrossPlatform|iPhone = CrossPlatform|iPhone
		CrossPlatform|iPhoneSimulator = CrossPlatform|iPhoneSimulator
		CrossPlatform|x86 = CrossPlatform|x86
		Debug|Any CPU = Debug|Any CPU
		Debug|iPhone = Debug|iPhone
		Debug|iPhoneSimulator = Debug|iPhoneSimulator
		Debug|x86 = Debug|x86
		Release|Any CPU = Release|Any CPU
		Release|iPhone = Release|iPhone
		Release|iPhoneSimulator = Release|iPhoneSimulator
		Release|x86 = Release|x86
	EndGlobalSection
	GlobalSection(ProjectConfigurationPlatforms) = postSolution
		{107E09A5-92CB-4289-88A3-0902E7F6F6C2}.Ad-Hoc|Any CPU.ActiveCfg = Debug|Any CPU
		{107E09A5-92CB-4289-88A3-0902E7F6F6C2}.Ad-Hoc|Any CPU.Build.0 = Debug|Any CPU
		{107E09A5-92CB-4289-88A3-0902E7F6F6C2}.Ad-Hoc|iPhone.ActiveCfg = Debug|Any CPU
		{107E09A5-92CB-4289-88A3-0902E7F6F6C2}.Ad-Hoc|iPhone.Build.0 = Debug|Any CPU
		{107E09A5-92CB-4289-88A3-0902E7F6F6C2}.Ad-Hoc|iPhoneSimulator.ActiveCfg = Debug|Any CPU
		{107E09A5-92CB-4289-88A3-0902E7F6F6C2}.Ad-Hoc|iPhoneSimulator.Build.0 = Debug|Any CPU
		{107E09A5-92CB-4289-88A3-0902E7F6F6C2}.Ad-Hoc|x86.ActiveCfg = Debug|Any CPU
		{107E09A5-92CB-4289-88A3-0902E7F6F6C2}.Ad-Hoc|x86.Build.0 = Debug|Any CPU
		{107E09A5-92CB-4289-88A3-0902E7F6F6C2}.AppStore|Any CPU.ActiveCfg = AppStore|Any CPU
		{107E09A5-92CB-4289-88A3-0902E7F6F6C2}.AppStore|Any CPU.Build.0 = AppStore|Any CPU
		{107E09A5-92CB-4289-88A3-0902E7F6F6C2}.AppStore|iPhone.ActiveCfg = AppStore|Any CPU
		{107E09A5-92CB-4289-88A3-0902E7F6F6C2}.AppStore|iPhone.Build.0 = AppStore|Any CPU
		{107E09A5-92CB-4289-88A3-0902E7F6F6C2}.AppStore|iPhoneSimulator.ActiveCfg = AppStore|Any CPU
		{107E09A5-92CB-4289-88A3-0902E7F6F6C2}.AppStore|iPhoneSimulator.Build.0 = AppStore|Any CPU
		{107E09A5-92CB-4289-88A3-0902E7F6F6C2}.AppStore|x86.ActiveCfg = AppStore|Any CPU
		{107E09A5-92CB-4289-88A3-0902E7F6F6C2}.AppStore|x86.Build.0 = AppStore|Any CPU
		{107E09A5-92CB-4289-88A3-0902E7F6F6C2}.CrossPlatform|Any CPU.ActiveCfg = Debug|Any CPU
		{107E09A5-92CB-4289-88A3-0902E7F6F6C2}.CrossPlatform|Any CPU.Build.0 = Debug|Any CPU
		{107E09A5-92CB-4289-88A3-0902E7F6F6C2}.CrossPlatform|iPhone.ActiveCfg = Debug|Any CPU
		{107E09A5-92CB-4289-88A3-0902E7F6F6C2}.CrossPlatform|iPhone.Build.0 = Debug|Any CPU
		{107E09A5-92CB-4289-88A3-0902E7F6F6C2}.CrossPlatform|iPhoneSimulator.ActiveCfg = Debug|Any CPU
		{107E09A5-92CB-4289-88A3-0902E7F6F6C2}.CrossPlatform|iPhoneSimulator.Build.0 = Debug|Any CPU
		{107E09A5-92CB-4289-88A3-0902E7F6F6C2}.CrossPlatform|x86.ActiveCfg = Debug|Any CPU
		{107E09A5-92CB-4289-88A3-0902E7F6F6C2}.CrossPlatform|x86.Build.0 = Debug|Any CPU
		{107E09A5-92CB-4289-88A3-0902E7F6F6C2}.Debug|Any CPU.ActiveCfg = Debug|Any CPU
		{107E09A5-92CB-4289-88A3-0902E7F6F6C2}.Debug|Any CPU.Build.0 = Debug|Any CPU
		{107E09A5-92CB-4289-88A3-0902E7F6F6C2}.Debug|iPhone.ActiveCfg = Debug|Any CPU
		{107E09A5-92CB-4289-88A3-0902E7F6F6C2}.Debug|iPhone.Build.0 = Debug|Any CPU
		{107E09A5-92CB-4289-88A3-0902E7F6F6C2}.Debug|iPhoneSimulator.ActiveCfg = Debug|Any CPU
		{107E09A5-92CB-4289-88A3-0902E7F6F6C2}.Debug|iPhoneSimulator.Build.0 = Debug|Any CPU
		{107E09A5-92CB-4289-88A3-0902E7F6F6C2}.Debug|x86.ActiveCfg = Debug|Any CPU
		{107E09A5-92CB-4289-88A3-0902E7F6F6C2}.Debug|x86.Build.0 = Debug|Any CPU
		{107E09A5-92CB-4289-88A3-0902E7F6F6C2}.Release|Any CPU.ActiveCfg = Release|Any CPU
		{107E09A5-92CB-4289-88A3-0902E7F6F6C2}.Release|Any CPU.Build.0 = Release|Any CPU
		{107E09A5-92CB-4289-88A3-0902E7F6F6C2}.Release|iPhone.ActiveCfg = Release|Any CPU
		{107E09A5-92CB-4289-88A3-0902E7F6F6C2}.Release|iPhone.Build.0 = Release|Any CPU
		{107E09A5-92CB-4289-88A3-0902E7F6F6C2}.Release|iPhoneSimulator.ActiveCfg = Release|Any CPU
		{107E09A5-92CB-4289-88A3-0902E7F6F6C2}.Release|iPhoneSimulator.Build.0 = Release|Any CPU
		{107E09A5-92CB-4289-88A3-0902E7F6F6C2}.Release|x86.ActiveCfg = Release|Any CPU
		{107E09A5-92CB-4289-88A3-0902E7F6F6C2}.Release|x86.Build.0 = Release|Any CPU
		{387D39A4-3EB2-43EF-84BA-1ED12727D148}.Ad-Hoc|Any CPU.ActiveCfg = Debug|x86
		{387D39A4-3EB2-43EF-84BA-1ED12727D148}.Ad-Hoc|Any CPU.Build.0 = Debug|x86
		{387D39A4-3EB2-43EF-84BA-1ED12727D148}.Ad-Hoc|iPhone.ActiveCfg = Debug|x86
		{387D39A4-3EB2-43EF-84BA-1ED12727D148}.Ad-Hoc|iPhone.Build.0 = Debug|x86
		{387D39A4-3EB2-43EF-84BA-1ED12727D148}.Ad-Hoc|iPhoneSimulator.ActiveCfg = Debug|x86
		{387D39A4-3EB2-43EF-84BA-1ED12727D148}.Ad-Hoc|iPhoneSimulator.Build.0 = Debug|x86
		{387D39A4-3EB2-43EF-84BA-1ED12727D148}.Ad-Hoc|x86.ActiveCfg = Debug|x86
		{387D39A4-3EB2-43EF-84BA-1ED12727D148}.Ad-Hoc|x86.Build.0 = Debug|x86
		{387D39A4-3EB2-43EF-84BA-1ED12727D148}.AppStore|Any CPU.ActiveCfg = Debug|x86
		{387D39A4-3EB2-43EF-84BA-1ED12727D148}.AppStore|Any CPU.Build.0 = Debug|x86
		{387D39A4-3EB2-43EF-84BA-1ED12727D148}.AppStore|iPhone.ActiveCfg = Debug|x86
		{387D39A4-3EB2-43EF-84BA-1ED12727D148}.AppStore|iPhone.Build.0 = Debug|x86
		{387D39A4-3EB2-43EF-84BA-1ED12727D148}.AppStore|iPhoneSimulator.ActiveCfg = Debug|x86
		{387D39A4-3EB2-43EF-84BA-1ED12727D148}.AppStore|iPhoneSimulator.Build.0 = Debug|x86
		{387D39A4-3EB2-43EF-84BA-1ED12727D148}.AppStore|x86.ActiveCfg = Debug|x86
		{387D39A4-3EB2-43EF-84BA-1ED12727D148}.AppStore|x86.Build.0 = Debug|x86
		{387D39A4-3EB2-43EF-84BA-1ED12727D148}.CrossPlatform|Any CPU.ActiveCfg = Debug|x86
		{387D39A4-3EB2-43EF-84BA-1ED12727D148}.CrossPlatform|Any CPU.Build.0 = Debug|x86
		{387D39A4-3EB2-43EF-84BA-1ED12727D148}.CrossPlatform|iPhone.ActiveCfg = Debug|x86
		{387D39A4-3EB2-43EF-84BA-1ED12727D148}.CrossPlatform|iPhone.Build.0 = Debug|x86
		{387D39A4-3EB2-43EF-84BA-1ED12727D148}.CrossPlatform|iPhoneSimulator.ActiveCfg = Debug|x86
		{387D39A4-3EB2-43EF-84BA-1ED12727D148}.CrossPlatform|iPhoneSimulator.Build.0 = Debug|x86
		{387D39A4-3EB2-43EF-84BA-1ED12727D148}.CrossPlatform|x86.ActiveCfg = Debug|x86
		{387D39A4-3EB2-43EF-84BA-1ED12727D148}.CrossPlatform|x86.Build.0 = Debug|x86
		{387D39A4-3EB2-43EF-84BA-1ED12727D148}.Debug|Any CPU.ActiveCfg = Debug|x86
		{387D39A4-3EB2-43EF-84BA-1ED12727D148}.Debug|Any CPU.Build.0 = Debug|x86
		{387D39A4-3EB2-43EF-84BA-1ED12727D148}.Debug|iPhone.ActiveCfg = Debug|x86
		{387D39A4-3EB2-43EF-84BA-1ED12727D148}.Debug|iPhone.Build.0 = Debug|x86
		{387D39A4-3EB2-43EF-84BA-1ED12727D148}.Debug|iPhoneSimulator.ActiveCfg = Debug|x86
		{387D39A4-3EB2-43EF-84BA-1ED12727D148}.Debug|iPhoneSimulator.Build.0 = Debug|x86
		{387D39A4-3EB2-43EF-84BA-1ED12727D148}.Debug|x86.ActiveCfg = Debug|x86
		{387D39A4-3EB2-43EF-84BA-1ED12727D148}.Debug|x86.Build.0 = Debug|x86
		{387D39A4-3EB2-43EF-84BA-1ED12727D148}.Release|Any CPU.ActiveCfg = Release|x86
		{387D39A4-3EB2-43EF-84BA-1ED12727D148}.Release|Any CPU.Build.0 = Release|x86
		{387D39A4-3EB2-43EF-84BA-1ED12727D148}.Release|iPhone.ActiveCfg = Release|x86
		{387D39A4-3EB2-43EF-84BA-1ED12727D148}.Release|iPhone.Build.0 = Release|x86
		{387D39A4-3EB2-43EF-84BA-1ED12727D148}.Release|iPhoneSimulator.ActiveCfg = Release|x86
		{387D39A4-3EB2-43EF-84BA-1ED12727D148}.Release|iPhoneSimulator.Build.0 = Release|x86
		{387D39A4-3EB2-43EF-84BA-1ED12727D148}.Release|x86.ActiveCfg = Release|x86
		{387D39A4-3EB2-43EF-84BA-1ED12727D148}.Release|x86.Build.0 = Release|x86
		{40553874-81AC-44A8-8260-B0F123A47A05}.Ad-Hoc|Any CPU.ActiveCfg = Debug|Any CPU
		{40553874-81AC-44A8-8260-B0F123A47A05}.Ad-Hoc|Any CPU.Build.0 = Debug|Any CPU
		{40553874-81AC-44A8-8260-B0F123A47A05}.Ad-Hoc|iPhone.ActiveCfg = Debug|Any CPU
		{40553874-81AC-44A8-8260-B0F123A47A05}.Ad-Hoc|iPhone.Build.0 = Debug|Any CPU
		{40553874-81AC-44A8-8260-B0F123A47A05}.Ad-Hoc|iPhoneSimulator.ActiveCfg = Debug|Any CPU
		{40553874-81AC-44A8-8260-B0F123A47A05}.Ad-Hoc|iPhoneSimulator.Build.0 = Debug|Any CPU
		{40553874-81AC-44A8-8260-B0F123A47A05}.Ad-Hoc|x86.ActiveCfg = Debug|Any CPU
		{40553874-81AC-44A8-8260-B0F123A47A05}.Ad-Hoc|x86.Build.0 = Debug|Any CPU
		{40553874-81AC-44A8-8260-B0F123A47A05}.AppStore|Any CPU.ActiveCfg = AppStore|Any CPU
		{40553874-81AC-44A8-8260-B0F123A47A05}.AppStore|Any CPU.Build.0 = AppStore|Any CPU
		{40553874-81AC-44A8-8260-B0F123A47A05}.AppStore|iPhone.ActiveCfg = AppStore|Any CPU
		{40553874-81AC-44A8-8260-B0F123A47A05}.AppStore|iPhone.Build.0 = AppStore|Any CPU
		{40553874-81AC-44A8-8260-B0F123A47A05}.AppStore|iPhoneSimulator.ActiveCfg = AppStore|Any CPU
		{40553874-81AC-44A8-8260-B0F123A47A05}.AppStore|iPhoneSimulator.Build.0 = AppStore|Any CPU
		{40553874-81AC-44A8-8260-B0F123A47A05}.AppStore|x86.ActiveCfg = AppStore|Any CPU
		{40553874-81AC-44A8-8260-B0F123A47A05}.AppStore|x86.Build.0 = AppStore|Any CPU
		{40553874-81AC-44A8-8260-B0F123A47A05}.CrossPlatform|Any CPU.ActiveCfg = Debug|Any CPU
		{40553874-81AC-44A8-8260-B0F123A47A05}.CrossPlatform|Any CPU.Build.0 = Debug|Any CPU
		{40553874-81AC-44A8-8260-B0F123A47A05}.CrossPlatform|iPhone.ActiveCfg = Debug|Any CPU
		{40553874-81AC-44A8-8260-B0F123A47A05}.CrossPlatform|iPhone.Build.0 = Debug|Any CPU
		{40553874-81AC-44A8-8260-B0F123A47A05}.CrossPlatform|iPhoneSimulator.ActiveCfg = Debug|Any CPU
		{40553874-81AC-44A8-8260-B0F123A47A05}.CrossPlatform|iPhoneSimulator.Build.0 = Debug|Any CPU
		{40553874-81AC-44A8-8260-B0F123A47A05}.CrossPlatform|x86.ActiveCfg = Debug|Any CPU
		{40553874-81AC-44A8-8260-B0F123A47A05}.CrossPlatform|x86.Build.0 = Debug|Any CPU
		{40553874-81AC-44A8-8260-B0F123A47A05}.Debug|Any CPU.ActiveCfg = Debug|Any CPU
		{40553874-81AC-44A8-8260-B0F123A47A05}.Debug|Any CPU.Build.0 = Debug|Any CPU
		{40553874-81AC-44A8-8260-B0F123A47A05}.Debug|iPhone.ActiveCfg = Debug|Any CPU
		{40553874-81AC-44A8-8260-B0F123A47A05}.Debug|iPhone.Build.0 = Debug|Any CPU
		{40553874-81AC-44A8-8260-B0F123A47A05}.Debug|iPhoneSimulator.ActiveCfg = Debug|Any CPU
		{40553874-81AC-44A8-8260-B0F123A47A05}.Debug|iPhoneSimulator.Build.0 = Debug|Any CPU
		{40553874-81AC-44A8-8260-B0F123A47A05}.Debug|x86.ActiveCfg = Debug|Any CPU
		{40553874-81AC-44A8-8260-B0F123A47A05}.Debug|x86.Build.0 = Debug|Any CPU
		{40553874-81AC-44A8-8260-B0F123A47A05}.Release|Any CPU.ActiveCfg = Release|Any CPU
		{40553874-81AC-44A8-8260-B0F123A47A05}.Release|Any CPU.Build.0 = Release|Any CPU
		{40553874-81AC-44A8-8260-B0F123A47A05}.Release|iPhone.ActiveCfg = Release|Any CPU
		{40553874-81AC-44A8-8260-B0F123A47A05}.Release|iPhone.Build.0 = Release|Any CPU
		{40553874-81AC-44A8-8260-B0F123A47A05}.Release|iPhoneSimulator.ActiveCfg = Release|Any CPU
		{40553874-81AC-44A8-8260-B0F123A47A05}.Release|iPhoneSimulator.Build.0 = Release|Any CPU
		{40553874-81AC-44A8-8260-B0F123A47A05}.Release|x86.ActiveCfg = Release|Any CPU
		{40553874-81AC-44A8-8260-B0F123A47A05}.Release|x86.Build.0 = Release|Any CPU
		{7525B10F-A5C1-4438-ABE2-376B8FBAF991}.Ad-Hoc|Any CPU.ActiveCfg = Debug|x86
		{7525B10F-A5C1-4438-ABE2-376B8FBAF991}.Ad-Hoc|Any CPU.Build.0 = Debug|x86
		{7525B10F-A5C1-4438-ABE2-376B8FBAF991}.Ad-Hoc|iPhone.ActiveCfg = Debug|Any CPU
		{7525B10F-A5C1-4438-ABE2-376B8FBAF991}.Ad-Hoc|iPhone.Build.0 = Debug|Any CPU
		{7525B10F-A5C1-4438-ABE2-376B8FBAF991}.Ad-Hoc|iPhoneSimulator.ActiveCfg = Release|Any CPU
		{7525B10F-A5C1-4438-ABE2-376B8FBAF991}.Ad-Hoc|x86.ActiveCfg = CrossPlatform|x86
		{7525B10F-A5C1-4438-ABE2-376B8FBAF991}.AppStore|Any CPU.ActiveCfg = Debug|Any CPU
		{7525B10F-A5C1-4438-ABE2-376B8FBAF991}.AppStore|Any CPU.Build.0 = Debug|Any CPU
		{7525B10F-A5C1-4438-ABE2-376B8FBAF991}.AppStore|iPhone.ActiveCfg = Debug|Any CPU
		{7525B10F-A5C1-4438-ABE2-376B8FBAF991}.AppStore|iPhone.Build.0 = Debug|Any CPU
		{7525B10F-A5C1-4438-ABE2-376B8FBAF991}.AppStore|iPhoneSimulator.ActiveCfg = Release|Any CPU
		{7525B10F-A5C1-4438-ABE2-376B8FBAF991}.AppStore|x86.ActiveCfg = CrossPlatform|x86
		{7525B10F-A5C1-4438-ABE2-376B8FBAF991}.CrossPlatform|Any CPU.ActiveCfg = CrossPlatform|x86
		{7525B10F-A5C1-4438-ABE2-376B8FBAF991}.CrossPlatform|iPhone.ActiveCfg = CrossPlatform|x86
		{7525B10F-A5C1-4438-ABE2-376B8FBAF991}.CrossPlatform|iPhoneSimulator.ActiveCfg = CrossPlatform|x86
		{7525B10F-A5C1-4438-ABE2-376B8FBAF991}.CrossPlatform|x86.ActiveCfg = Debug|x86
		{7525B10F-A5C1-4438-ABE2-376B8FBAF991}.CrossPlatform|x86.Build.0 = Debug|x86
		{7525B10F-A5C1-4438-ABE2-376B8FBAF991}.Debug|Any CPU.ActiveCfg = Debug|Any CPU
		{7525B10F-A5C1-4438-ABE2-376B8FBAF991}.Debug|Any CPU.Build.0 = Debug|Any CPU
		{7525B10F-A5C1-4438-ABE2-376B8FBAF991}.Debug|iPhone.ActiveCfg = Debug|Any CPU
		{7525B10F-A5C1-4438-ABE2-376B8FBAF991}.Debug|iPhone.Build.0 = Debug|Any CPU
		{7525B10F-A5C1-4438-ABE2-376B8FBAF991}.Debug|iPhoneSimulator.ActiveCfg = Debug|Any CPU
		{7525B10F-A5C1-4438-ABE2-376B8FBAF991}.Debug|iPhoneSimulator.Build.0 = Debug|Any CPU
		{7525B10F-A5C1-4438-ABE2-376B8FBAF991}.Debug|x86.ActiveCfg = Debug|x86
		{7525B10F-A5C1-4438-ABE2-376B8FBAF991}.Debug|x86.Build.0 = Debug|x86
		{7525B10F-A5C1-4438-ABE2-376B8FBAF991}.Release|Any CPU.ActiveCfg = Release|Any CPU
		{7525B10F-A5C1-4438-ABE2-376B8FBAF991}.Release|Any CPU.Build.0 = Release|Any CPU
		{7525B10F-A5C1-4438-ABE2-376B8FBAF991}.Release|iPhone.ActiveCfg = Release|Any CPU
		{7525B10F-A5C1-4438-ABE2-376B8FBAF991}.Release|iPhone.Build.0 = Release|Any CPU
		{7525B10F-A5C1-4438-ABE2-376B8FBAF991}.Release|iPhoneSimulator.ActiveCfg = Release|Any CPU
		{7525B10F-A5C1-4438-ABE2-376B8FBAF991}.Release|iPhoneSimulator.Build.0 = Release|Any CPU
		{7525B10F-A5C1-4438-ABE2-376B8FBAF991}.Release|x86.ActiveCfg = Release|Any CPU
		{7525B10F-A5C1-4438-ABE2-376B8FBAF991}.Release|x86.Build.0 = Release|Any CPU
		{82257C12-D253-46CC-821B-44CFBE26B115}.Ad-Hoc|Any CPU.ActiveCfg = Debug|Any CPU
		{82257C12-D253-46CC-821B-44CFBE26B115}.Ad-Hoc|Any CPU.Build.0 = Debug|Any CPU
		{82257C12-D253-46CC-821B-44CFBE26B115}.Ad-Hoc|iPhone.ActiveCfg = Debug|Any CPU
		{82257C12-D253-46CC-821B-44CFBE26B115}.Ad-Hoc|iPhone.Build.0 = Debug|Any CPU
		{82257C12-D253-46CC-821B-44CFBE26B115}.Ad-Hoc|iPhoneSimulator.ActiveCfg = Debug|Any CPU
		{82257C12-D253-46CC-821B-44CFBE26B115}.Ad-Hoc|iPhoneSimulator.Build.0 = Debug|Any CPU
		{82257C12-D253-46CC-821B-44CFBE26B115}.Ad-Hoc|x86.ActiveCfg = Debug|Any CPU
		{82257C12-D253-46CC-821B-44CFBE26B115}.Ad-Hoc|x86.Build.0 = Debug|Any CPU
		{82257C12-D253-46CC-821B-44CFBE26B115}.AppStore|Any CPU.ActiveCfg = Release|Any CPU
		{82257C12-D253-46CC-821B-44CFBE26B115}.AppStore|Any CPU.Build.0 = Release|Any CPU
		{82257C12-D253-46CC-821B-44CFBE26B115}.AppStore|iPhone.ActiveCfg = Release|Any CPU
		{82257C12-D253-46CC-821B-44CFBE26B115}.AppStore|iPhone.Build.0 = Release|Any CPU
		{82257C12-D253-46CC-821B-44CFBE26B115}.AppStore|iPhoneSimulator.ActiveCfg = Release|Any CPU
		{82257C12-D253-46CC-821B-44CFBE26B115}.AppStore|iPhoneSimulator.Build.0 = Release|Any CPU
		{82257C12-D253-46CC-821B-44CFBE26B115}.AppStore|x86.ActiveCfg = Release|Any CPU
		{82257C12-D253-46CC-821B-44CFBE26B115}.AppStore|x86.Build.0 = Release|Any CPU
		{82257C12-D253-46CC-821B-44CFBE26B115}.CrossPlatform|Any CPU.ActiveCfg = Debug|Any CPU
		{82257C12-D253-46CC-821B-44CFBE26B115}.CrossPlatform|Any CPU.Build.0 = Debug|Any CPU
		{82257C12-D253-46CC-821B-44CFBE26B115}.CrossPlatform|iPhone.ActiveCfg = Debug|Any CPU
		{82257C12-D253-46CC-821B-44CFBE26B115}.CrossPlatform|iPhone.Build.0 = Debug|Any CPU
		{82257C12-D253-46CC-821B-44CFBE26B115}.CrossPlatform|iPhoneSimulator.ActiveCfg = Debug|Any CPU
		{82257C12-D253-46CC-821B-44CFBE26B115}.CrossPlatform|iPhoneSimulator.Build.0 = Debug|Any CPU
		{82257C12-D253-46CC-821B-44CFBE26B115}.CrossPlatform|x86.ActiveCfg = Debug|Any CPU
		{82257C12-D253-46CC-821B-44CFBE26B115}.CrossPlatform|x86.Build.0 = Debug|Any CPU
		{82257C12-D253-46CC-821B-44CFBE26B115}.Debug|Any CPU.ActiveCfg = Debug|Any CPU
		{82257C12-D253-46CC-821B-44CFBE26B115}.Debug|Any CPU.Build.0 = Debug|Any CPU
		{82257C12-D253-46CC-821B-44CFBE26B115}.Debug|iPhone.ActiveCfg = Debug|Any CPU
		{82257C12-D253-46CC-821B-44CFBE26B115}.Debug|iPhone.Build.0 = Debug|Any CPU
		{82257C12-D253-46CC-821B-44CFBE26B115}.Debug|iPhoneSimulator.ActiveCfg = Debug|Any CPU
		{82257C12-D253-46CC-821B-44CFBE26B115}.Debug|iPhoneSimulator.Build.0 = Debug|Any CPU
		{82257C12-D253-46CC-821B-44CFBE26B115}.Debug|x86.ActiveCfg = Debug|Any CPU
		{82257C12-D253-46CC-821B-44CFBE26B115}.Debug|x86.Build.0 = Debug|Any CPU
		{82257C12-D253-46CC-821B-44CFBE26B115}.Release|Any CPU.ActiveCfg = Release|Any CPU
		{82257C12-D253-46CC-821B-44CFBE26B115}.Release|Any CPU.Build.0 = Release|Any CPU
		{82257C12-D253-46CC-821B-44CFBE26B115}.Release|iPhone.ActiveCfg = Release|Any CPU
		{82257C12-D253-46CC-821B-44CFBE26B115}.Release|iPhone.Build.0 = Release|Any CPU
		{82257C12-D253-46CC-821B-44CFBE26B115}.Release|iPhoneSimulator.ActiveCfg = Release|Any CPU
		{82257C12-D253-46CC-821B-44CFBE26B115}.Release|iPhoneSimulator.Build.0 = Release|Any CPU
		{82257C12-D253-46CC-821B-44CFBE26B115}.Release|x86.ActiveCfg = Release|Any CPU
		{82257C12-D253-46CC-821B-44CFBE26B115}.Release|x86.Build.0 = Release|Any CPU
		{83F5986D-DAD0-40E5-B9E7-37785CBD00B1}.Ad-Hoc|Any CPU.ActiveCfg = Ad-Hoc|iPhone
		{83F5986D-DAD0-40E5-B9E7-37785CBD00B1}.Ad-Hoc|Any CPU.Build.0 = Ad-Hoc|iPhone
		{83F5986D-DAD0-40E5-B9E7-37785CBD00B1}.Ad-Hoc|iPhone.ActiveCfg = Ad-Hoc|iPhone
		{83F5986D-DAD0-40E5-B9E7-37785CBD00B1}.Ad-Hoc|iPhone.Build.0 = Ad-Hoc|iPhone
		{83F5986D-DAD0-40E5-B9E7-37785CBD00B1}.Ad-Hoc|iPhoneSimulator.ActiveCfg = Debug|iPhoneSimulator
		{83F5986D-DAD0-40E5-B9E7-37785CBD00B1}.Ad-Hoc|iPhoneSimulator.Build.0 = Debug|iPhoneSimulator
		{83F5986D-DAD0-40E5-B9E7-37785CBD00B1}.Ad-Hoc|x86.ActiveCfg = Ad-Hoc|iPhone
		{83F5986D-DAD0-40E5-B9E7-37785CBD00B1}.Ad-Hoc|x86.Build.0 = Ad-Hoc|iPhone
		{83F5986D-DAD0-40E5-B9E7-37785CBD00B1}.AppStore|Any CPU.ActiveCfg = AppStore|iPhone
		{83F5986D-DAD0-40E5-B9E7-37785CBD00B1}.AppStore|Any CPU.Build.0 = AppStore|iPhone
		{83F5986D-DAD0-40E5-B9E7-37785CBD00B1}.AppStore|iPhone.ActiveCfg = AppStore|iPhone
		{83F5986D-DAD0-40E5-B9E7-37785CBD00B1}.AppStore|iPhone.Build.0 = AppStore|iPhone
		{83F5986D-DAD0-40E5-B9E7-37785CBD00B1}.AppStore|iPhoneSimulator.ActiveCfg = Debug|iPhoneSimulator
		{83F5986D-DAD0-40E5-B9E7-37785CBD00B1}.AppStore|iPhoneSimulator.Build.0 = Debug|iPhoneSimulator
		{83F5986D-DAD0-40E5-B9E7-37785CBD00B1}.AppStore|x86.ActiveCfg = AppStore|iPhone
		{83F5986D-DAD0-40E5-B9E7-37785CBD00B1}.AppStore|x86.Build.0 = AppStore|iPhone
		{83F5986D-DAD0-40E5-B9E7-37785CBD00B1}.CrossPlatform|Any CPU.ActiveCfg = Debug|iPhoneSimulator
		{83F5986D-DAD0-40E5-B9E7-37785CBD00B1}.CrossPlatform|Any CPU.Build.0 = Debug|iPhoneSimulator
		{83F5986D-DAD0-40E5-B9E7-37785CBD00B1}.CrossPlatform|iPhone.ActiveCfg = Debug|iPhone
		{83F5986D-DAD0-40E5-B9E7-37785CBD00B1}.CrossPlatform|iPhone.Build.0 = Debug|iPhone
		{83F5986D-DAD0-40E5-B9E7-37785CBD00B1}.CrossPlatform|iPhoneSimulator.ActiveCfg = Debug|iPhoneSimulator
		{83F5986D-DAD0-40E5-B9E7-37785CBD00B1}.CrossPlatform|iPhoneSimulator.Build.0 = Debug|iPhoneSimulator
		{83F5986D-DAD0-40E5-B9E7-37785CBD00B1}.CrossPlatform|x86.ActiveCfg = Debug|iPhoneSimulator
		{83F5986D-DAD0-40E5-B9E7-37785CBD00B1}.CrossPlatform|x86.Build.0 = Debug|iPhoneSimulator
		{83F5986D-DAD0-40E5-B9E7-37785CBD00B1}.Debug|Any CPU.ActiveCfg = Debug|iPhoneSimulator
		{83F5986D-DAD0-40E5-B9E7-37785CBD00B1}.Debug|Any CPU.Build.0 = Debug|iPhoneSimulator
		{83F5986D-DAD0-40E5-B9E7-37785CBD00B1}.Debug|iPhone.ActiveCfg = Debug|iPhone
		{83F5986D-DAD0-40E5-B9E7-37785CBD00B1}.Debug|iPhone.Build.0 = Debug|iPhone
		{83F5986D-DAD0-40E5-B9E7-37785CBD00B1}.Debug|iPhoneSimulator.ActiveCfg = Debug|iPhoneSimulator
		{83F5986D-DAD0-40E5-B9E7-37785CBD00B1}.Debug|iPhoneSimulator.Build.0 = Debug|iPhoneSimulator
		{83F5986D-DAD0-40E5-B9E7-37785CBD00B1}.Debug|x86.ActiveCfg = Debug|iPhoneSimulator
		{83F5986D-DAD0-40E5-B9E7-37785CBD00B1}.Debug|x86.Build.0 = Debug|iPhoneSimulator
		{83F5986D-DAD0-40E5-B9E7-37785CBD00B1}.Release|Any CPU.ActiveCfg = Release|iPhoneSimulator
		{83F5986D-DAD0-40E5-B9E7-37785CBD00B1}.Release|Any CPU.Build.0 = Release|iPhoneSimulator
		{83F5986D-DAD0-40E5-B9E7-37785CBD00B1}.Release|iPhone.ActiveCfg = Release|iPhone
		{83F5986D-DAD0-40E5-B9E7-37785CBD00B1}.Release|iPhone.Build.0 = Release|iPhone
		{83F5986D-DAD0-40E5-B9E7-37785CBD00B1}.Release|iPhoneSimulator.ActiveCfg = Release|iPhoneSimulator
		{83F5986D-DAD0-40E5-B9E7-37785CBD00B1}.Release|iPhoneSimulator.Build.0 = Release|iPhoneSimulator
		{83F5986D-DAD0-40E5-B9E7-37785CBD00B1}.Release|x86.ActiveCfg = Release|iPhoneSimulator
		{83F5986D-DAD0-40E5-B9E7-37785CBD00B1}.Release|x86.Build.0 = Release|iPhoneSimulator
		{A1C293B3-EC0A-449A-8994-C0245992EB00}.Ad-Hoc|Any CPU.ActiveCfg = Debug|x86
		{A1C293B3-EC0A-449A-8994-C0245992EB00}.Ad-Hoc|Any CPU.Build.0 = Debug|x86
		{A1C293B3-EC0A-449A-8994-C0245992EB00}.Ad-Hoc|iPhone.ActiveCfg = Debug|x86
		{A1C293B3-EC0A-449A-8994-C0245992EB00}.Ad-Hoc|iPhone.Build.0 = Debug|x86
		{A1C293B3-EC0A-449A-8994-C0245992EB00}.Ad-Hoc|iPhoneSimulator.ActiveCfg = Debug|x86
		{A1C293B3-EC0A-449A-8994-C0245992EB00}.Ad-Hoc|iPhoneSimulator.Build.0 = Debug|x86
		{A1C293B3-EC0A-449A-8994-C0245992EB00}.Ad-Hoc|x86.ActiveCfg = Debug|x86
		{A1C293B3-EC0A-449A-8994-C0245992EB00}.Ad-Hoc|x86.Build.0 = Debug|x86
		{A1C293B3-EC0A-449A-8994-C0245992EB00}.AppStore|Any CPU.ActiveCfg = Debug|x86
		{A1C293B3-EC0A-449A-8994-C0245992EB00}.AppStore|Any CPU.Build.0 = Debug|x86
		{A1C293B3-EC0A-449A-8994-C0245992EB00}.AppStore|iPhone.ActiveCfg = Debug|x86
		{A1C293B3-EC0A-449A-8994-C0245992EB00}.AppStore|iPhone.Build.0 = Debug|x86
		{A1C293B3-EC0A-449A-8994-C0245992EB00}.AppStore|iPhoneSimulator.ActiveCfg = Debug|x86
		{A1C293B3-EC0A-449A-8994-C0245992EB00}.AppStore|iPhoneSimulator.Build.0 = Debug|x86
		{A1C293B3-EC0A-449A-8994-C0245992EB00}.AppStore|x86.ActiveCfg = Debug|x86
		{A1C293B3-EC0A-449A-8994-C0245992EB00}.AppStore|x86.Build.0 = Debug|x86
		{A1C293B3-EC0A-449A-8994-C0245992EB00}.CrossPlatform|Any CPU.ActiveCfg = Debug|x86
		{A1C293B3-EC0A-449A-8994-C0245992EB00}.CrossPlatform|Any CPU.Build.0 = Debug|x86
		{A1C293B3-EC0A-449A-8994-C0245992EB00}.CrossPlatform|iPhone.ActiveCfg = Debug|x86
		{A1C293B3-EC0A-449A-8994-C0245992EB00}.CrossPlatform|iPhone.Build.0 = Debug|x86
		{A1C293B3-EC0A-449A-8994-C0245992EB00}.CrossPlatform|iPhoneSimulator.ActiveCfg = Debug|x86
		{A1C293B3-EC0A-449A-8994-C0245992EB00}.CrossPlatform|iPhoneSimulator.Build.0 = Debug|x86
		{A1C293B3-EC0A-449A-8994-C0245992EB00}.CrossPlatform|x86.ActiveCfg = Debug|x86
		{A1C293B3-EC0A-449A-8994-C0245992EB00}.CrossPlatform|x86.Build.0 = Debug|x86
		{A1C293B3-EC0A-449A-8994-C0245992EB00}.Debug|Any CPU.ActiveCfg = Debug|x86
		{A1C293B3-EC0A-449A-8994-C0245992EB00}.Debug|Any CPU.Build.0 = Debug|x86
		{A1C293B3-EC0A-449A-8994-C0245992EB00}.Debug|iPhone.ActiveCfg = Debug|x86
		{A1C293B3-EC0A-449A-8994-C0245992EB00}.Debug|iPhone.Build.0 = Debug|x86
		{A1C293B3-EC0A-449A-8994-C0245992EB00}.Debug|iPhoneSimulator.ActiveCfg = Debug|x86
		{A1C293B3-EC0A-449A-8994-C0245992EB00}.Debug|iPhoneSimulator.Build.0 = Debug|x86
		{A1C293B3-EC0A-449A-8994-C0245992EB00}.Debug|x86.ActiveCfg = Debug|x86
		{A1C293B3-EC0A-449A-8994-C0245992EB00}.Debug|x86.Build.0 = Debug|x86
		{A1C293B3-EC0A-449A-8994-C0245992EB00}.Release|Any CPU.ActiveCfg = Release|x86
		{A1C293B3-EC0A-449A-8994-C0245992EB00}.Release|Any CPU.Build.0 = Release|x86
		{A1C293B3-EC0A-449A-8994-C0245992EB00}.Release|iPhone.ActiveCfg = Release|x86
		{A1C293B3-EC0A-449A-8994-C0245992EB00}.Release|iPhone.Build.0 = Release|x86
		{A1C293B3-EC0A-449A-8994-C0245992EB00}.Release|iPhoneSimulator.ActiveCfg = Release|x86
		{A1C293B3-EC0A-449A-8994-C0245992EB00}.Release|iPhoneSimulator.Build.0 = Release|x86
		{A1C293B3-EC0A-449A-8994-C0245992EB00}.Release|x86.ActiveCfg = Release|x86
		{A1C293B3-EC0A-449A-8994-C0245992EB00}.Release|x86.Build.0 = Release|x86
		{D949B7B2-164C-4B98-A2FF-13D9FB2D53E4}.Ad-Hoc|Any CPU.ActiveCfg = Ad-Hoc|iPhone
		{D949B7B2-164C-4B98-A2FF-13D9FB2D53E4}.Ad-Hoc|Any CPU.Build.0 = Ad-Hoc|iPhone
		{D949B7B2-164C-4B98-A2FF-13D9FB2D53E4}.Ad-Hoc|iPhone.ActiveCfg = Ad-Hoc|iPhone
		{D949B7B2-164C-4B98-A2FF-13D9FB2D53E4}.Ad-Hoc|iPhone.Build.0 = Ad-Hoc|iPhone
		{D949B7B2-164C-4B98-A2FF-13D9FB2D53E4}.Ad-Hoc|iPhoneSimulator.ActiveCfg = Debug|iPhoneSimulator
		{D949B7B2-164C-4B98-A2FF-13D9FB2D53E4}.Ad-Hoc|iPhoneSimulator.Build.0 = Debug|iPhoneSimulator
		{D949B7B2-164C-4B98-A2FF-13D9FB2D53E4}.Ad-Hoc|x86.ActiveCfg = Ad-Hoc|iPhone
		{D949B7B2-164C-4B98-A2FF-13D9FB2D53E4}.Ad-Hoc|x86.Build.0 = Ad-Hoc|iPhone
		{D949B7B2-164C-4B98-A2FF-13D9FB2D53E4}.AppStore|Any CPU.ActiveCfg = AppStore|iPhone
		{D949B7B2-164C-4B98-A2FF-13D9FB2D53E4}.AppStore|Any CPU.Build.0 = AppStore|iPhone
		{D949B7B2-164C-4B98-A2FF-13D9FB2D53E4}.AppStore|iPhone.ActiveCfg = AppStore|iPhone
		{D949B7B2-164C-4B98-A2FF-13D9FB2D53E4}.AppStore|iPhone.Build.0 = AppStore|iPhone
		{D949B7B2-164C-4B98-A2FF-13D9FB2D53E4}.AppStore|iPhoneSimulator.ActiveCfg = Debug|iPhoneSimulator
		{D949B7B2-164C-4B98-A2FF-13D9FB2D53E4}.AppStore|iPhoneSimulator.Build.0 = Debug|iPhoneSimulator
		{D949B7B2-164C-4B98-A2FF-13D9FB2D53E4}.AppStore|x86.ActiveCfg = AppStore|iPhone
		{D949B7B2-164C-4B98-A2FF-13D9FB2D53E4}.AppStore|x86.Build.0 = AppStore|iPhone
		{D949B7B2-164C-4B98-A2FF-13D9FB2D53E4}.CrossPlatform|Any CPU.ActiveCfg = Debug|iPhoneSimulator
		{D949B7B2-164C-4B98-A2FF-13D9FB2D53E4}.CrossPlatform|Any CPU.Build.0 = Debug|iPhoneSimulator
		{D949B7B2-164C-4B98-A2FF-13D9FB2D53E4}.CrossPlatform|iPhone.ActiveCfg = Debug|iPhone
		{D949B7B2-164C-4B98-A2FF-13D9FB2D53E4}.CrossPlatform|iPhone.Build.0 = Debug|iPhone
		{D949B7B2-164C-4B98-A2FF-13D9FB2D53E4}.CrossPlatform|iPhoneSimulator.ActiveCfg = Debug|iPhoneSimulator
		{D949B7B2-164C-4B98-A2FF-13D9FB2D53E4}.CrossPlatform|iPhoneSimulator.Build.0 = Debug|iPhoneSimulator
		{D949B7B2-164C-4B98-A2FF-13D9FB2D53E4}.CrossPlatform|x86.ActiveCfg = Debug|iPhoneSimulator
		{D949B7B2-164C-4B98-A2FF-13D9FB2D53E4}.CrossPlatform|x86.Build.0 = Debug|iPhoneSimulator
		{D949B7B2-164C-4B98-A2FF-13D9FB2D53E4}.Debug|Any CPU.ActiveCfg = Debug|iPhoneSimulator
		{D949B7B2-164C-4B98-A2FF-13D9FB2D53E4}.Debug|Any CPU.Build.0 = Debug|iPhoneSimulator
		{D949B7B2-164C-4B98-A2FF-13D9FB2D53E4}.Debug|iPhone.ActiveCfg = Debug|iPhone
		{D949B7B2-164C-4B98-A2FF-13D9FB2D53E4}.Debug|iPhone.Build.0 = Debug|iPhone
		{D949B7B2-164C-4B98-A2FF-13D9FB2D53E4}.Debug|iPhoneSimulator.ActiveCfg = Debug|iPhoneSimulator
		{D949B7B2-164C-4B98-A2FF-13D9FB2D53E4}.Debug|iPhoneSimulator.Build.0 = Debug|iPhoneSimulator
		{D949B7B2-164C-4B98-A2FF-13D9FB2D53E4}.Debug|x86.ActiveCfg = Debug|iPhoneSimulator
		{D949B7B2-164C-4B98-A2FF-13D9FB2D53E4}.Debug|x86.Build.0 = Debug|iPhoneSimulator
		{D949B7B2-164C-4B98-A2FF-13D9FB2D53E4}.Release|Any CPU.ActiveCfg = Release|iPhoneSimulator
		{D949B7B2-164C-4B98-A2FF-13D9FB2D53E4}.Release|Any CPU.Build.0 = Release|iPhoneSimulator
		{D949B7B2-164C-4B98-A2FF-13D9FB2D53E4}.Release|iPhone.ActiveCfg = Release|iPhone
		{D949B7B2-164C-4B98-A2FF-13D9FB2D53E4}.Release|iPhone.Build.0 = Release|iPhone
		{D949B7B2-164C-4B98-A2FF-13D9FB2D53E4}.Release|iPhoneSimulator.ActiveCfg = Release|iPhoneSimulator
		{D949B7B2-164C-4B98-A2FF-13D9FB2D53E4}.Release|iPhoneSimulator.Build.0 = Release|iPhoneSimulator
		{D949B7B2-164C-4B98-A2FF-13D9FB2D53E4}.Release|x86.ActiveCfg = Release|iPhoneSimulator
		{D949B7B2-164C-4B98-A2FF-13D9FB2D53E4}.Release|x86.Build.0 = Release|iPhoneSimulator
		{E522C014-2E66-498B-892A-487C68762ABE}.Ad-Hoc|Any CPU.ActiveCfg = Debug|x86
		{E522C014-2E66-498B-892A-487C68762ABE}.Ad-Hoc|Any CPU.Build.0 = Debug|x86
		{E522C014-2E66-498B-892A-487C68762ABE}.Ad-Hoc|iPhone.ActiveCfg = Debug|Any CPU
		{E522C014-2E66-498B-892A-487C68762ABE}.Ad-Hoc|iPhone.Build.0 = Debug|Any CPU
		{E522C014-2E66-498B-892A-487C68762ABE}.Ad-Hoc|iPhoneSimulator.ActiveCfg = Release|Any CPU
		{E522C014-2E66-498B-892A-487C68762ABE}.Ad-Hoc|x86.ActiveCfg = Release|Any CPU
		{E522C014-2E66-498B-892A-487C68762ABE}.AppStore|Any CPU.ActiveCfg = Debug|Any CPU
		{E522C014-2E66-498B-892A-487C68762ABE}.AppStore|Any CPU.Build.0 = Debug|Any CPU
		{E522C014-2E66-498B-892A-487C68762ABE}.AppStore|iPhone.ActiveCfg = Debug|Any CPU
		{E522C014-2E66-498B-892A-487C68762ABE}.AppStore|iPhone.Build.0 = Debug|Any CPU
		{E522C014-2E66-498B-892A-487C68762ABE}.AppStore|iPhoneSimulator.ActiveCfg = Release|Any CPU
		{E522C014-2E66-498B-892A-487C68762ABE}.AppStore|x86.ActiveCfg = Release|Any CPU
		{E522C014-2E66-498B-892A-487C68762ABE}.CrossPlatform|Any CPU.ActiveCfg = Release|Any CPU
		{E522C014-2E66-498B-892A-487C68762ABE}.CrossPlatform|Any CPU.Build.0 = Release|Any CPU
		{E522C014-2E66-498B-892A-487C68762ABE}.CrossPlatform|iPhone.ActiveCfg = Release|Any CPU
		{E522C014-2E66-498B-892A-487C68762ABE}.CrossPlatform|iPhoneSimulator.ActiveCfg = Release|Any CPU
		{E522C014-2E66-498B-892A-487C68762ABE}.CrossPlatform|x86.ActiveCfg = Debug|x86
		{E522C014-2E66-498B-892A-487C68762ABE}.CrossPlatform|x86.Build.0 = Debug|x86
		{E522C014-2E66-498B-892A-487C68762ABE}.Debug|Any CPU.ActiveCfg = Debug|Any CPU
		{E522C014-2E66-498B-892A-487C68762ABE}.Debug|Any CPU.Build.0 = Debug|Any CPU
		{E522C014-2E66-498B-892A-487C68762ABE}.Debug|iPhone.ActiveCfg = Debug|Any CPU
		{E522C014-2E66-498B-892A-487C68762ABE}.Debug|iPhone.Build.0 = Debug|Any CPU
		{E522C014-2E66-498B-892A-487C68762ABE}.Debug|iPhoneSimulator.ActiveCfg = Debug|Any CPU
		{E522C014-2E66-498B-892A-487C68762ABE}.Debug|iPhoneSimulator.Build.0 = Debug|Any CPU
		{E522C014-2E66-498B-892A-487C68762ABE}.Debug|x86.ActiveCfg = Debug|x86
		{E522C014-2E66-498B-892A-487C68762ABE}.Debug|x86.Build.0 = Debug|x86
		{E522C014-2E66-498B-892A-487C68762ABE}.Debug|x86.Deploy.0 = Debug|x86
		{E522C014-2E66-498B-892A-487C68762ABE}.Release|Any CPU.ActiveCfg = Release|Any CPU
		{E522C014-2E66-498B-892A-487C68762ABE}.Release|Any CPU.Build.0 = Release|Any CPU
		{E522C014-2E66-498B-892A-487C68762ABE}.Release|iPhone.ActiveCfg = Release|Any CPU
		{E522C014-2E66-498B-892A-487C68762ABE}.Release|iPhone.Build.0 = Release|Any CPU
		{E522C014-2E66-498B-892A-487C68762ABE}.Release|iPhoneSimulator.ActiveCfg = Release|Any CPU
		{E522C014-2E66-498B-892A-487C68762ABE}.Release|iPhoneSimulator.Build.0 = Release|Any CPU
		{E522C014-2E66-498B-892A-487C68762ABE}.Release|x86.ActiveCfg = Release|Any CPU
		{E522C014-2E66-498B-892A-487C68762ABE}.Release|x86.Build.0 = Release|Any CPU
	EndGlobalSection
	GlobalSection(NestedProjects) = preSolution
		{40553874-81AC-44A8-8260-B0F123A47A05} = {236216D6-CE54-422E-9E75-BE4B7D36ABDB}
		{A1C293B3-EC0A-449A-8994-C0245992EB00} = {236216D6-CE54-422E-9E75-BE4B7D36ABDB}
		{387D39A4-3EB2-43EF-84BA-1ED12727D148} = {236216D6-CE54-422E-9E75-BE4B7D36ABDB}
		{D949B7B2-164C-4B98-A2FF-13D9FB2D53E4} = {236216D6-CE54-422E-9E75-BE4B7D36ABDB}
		{E522C014-2E66-498B-892A-487C68762ABE} = {2D2F8CBA-6852-40E9-AB03-482AF5701D69}
		{107E09A5-92CB-4289-88A3-0902E7F6F6C2} = {2D2F8CBA-6852-40E9-AB03-482AF5701D69}
		{7525B10F-A5C1-4438-ABE2-376B8FBAF991} = {2D2F8CBA-6852-40E9-AB03-482AF5701D69}
		{83F5986D-DAD0-40E5-B9E7-37785CBD00B1} = {2D2F8CBA-6852-40E9-AB03-482AF5701D69}
	EndGlobalSection
	GlobalSection(MonoDevelopProperties) = preSolution
		StartupItem = ..\Trigger.App.OSX.EventTracker\Trigger.App.OSX.EventTracker.csproj
		Policies = $0
		$0.TextStylePolicy = $1
		$1.FileWidth = 120
		$1.TabsToSpaces = False
		$1.inheritsSet = VisualStudio
		$1.inheritsScope = text/plain
		$0.DotNetNamingPolicy = $2
		$2.DirectoryNamespaceAssociation = PrefixedHierarchical
		$2.ResourceNamePolicy = FileName
		version = 0.8
	EndGlobalSection
	GlobalSection(SolutionProperties) = preSolution
		HideSolutionNode = FALSE
	EndGlobalSection
EndGlobal
